
Microsoft Visual Studio Solution File, Format Version 12.00
# Visual Studio Version 17
VisualStudioVersion = 17.3.32929.385
MinimumVisualStudioVersion = 10.0.40219.1
Project("{FAE04EC0-301F-11D3-BF4B-00C04F79EFBC}") = "SATweb.UI.MVC", "SATweb.UI.MVC\SATweb.UI.MVC.csproj", "{683B6861-3BE0-47B4-AFBC-7ADFCDC50F76}"
EndProject
Project("{FAE04EC0-301F-11D3-BF4B-00C04F79EFBC}") = "SATweb.DATA.EF", "SATweb.DATA.EF\SATweb.DATA.EF.csproj", "{C0F4A628-A7ED-4031-A128-327DF467F3D6}"
EndProject
Global
	GlobalSection(SolutionConfigurationPlatforms) = preSolution
		Debug|Any CPU = Debug|Any CPU
		Release|Any CPU = Release|Any CPU
	EndGlobalSection
	GlobalSection(ProjectConfigurationPlatforms) = postSolution
		{683B6861-3BE0-47B4-AFBC-7ADFCDC50F76}.Debug|Any CPU.ActiveCfg = Debug|Any CPU
		{683B6861-3BE0-47B4-AFBC-7ADFCDC50F76}.Debug|Any CPU.Build.0 = Debug|Any CPU
		{683B6861-3BE0-47B4-AFBC-7ADFCDC50F76}.Release|Any CPU.ActiveCfg = Release|Any CPU
		{683B6861-3BE0-47B4-AFBC-7ADFCDC50F76}.Release|Any CPU.Build.0 = Release|Any CPU
		{C0F4A628-A7ED-4031-A128-327DF467F3D6}.Debug|Any CPU.ActiveCfg = Debug|Any CPU
		{C0F4A628-A7ED-4031-A128-327DF467F3D6}.Debug|Any CPU.Build.0 = Debug|Any CPU
		{C0F4A628-A7ED-4031-A128-327DF467F3D6}.Release|Any CPU.ActiveCfg = Release|Any CPU
		{C0F4A628-A7ED-4031-A128-327DF467F3D6}.Release|Any CPU.Build.0 = Release|Any CPU
	EndGlobalSection
	GlobalSection(SolutionProperties) = preSolution
		HideSolutionNode = FALSE
	EndGlobalSection
	GlobalSection(ExtensibilityGlobals) = postSolution
		SolutionGuid = {D883B716-091E-4707-95DB-5A639606FB9E}
	EndGlobalSection
EndGlobal
